
Microsoft Visual Studio Solution File, Format Version 12.00
# Visual Studio 14
VisualStudioVersion = 14.0.25420.1
MinimumVisualStudioVersion = 10.0.40219.1
Project("{8BC9CEB8-8B4A-11D0-8D11-00A0C91BC942}") = "Genthat.Cpp", "Genthat.Cpp.vcxproj", "{B51146B2-284E-445B-8840-E84DB393CE00}"
EndProject
Project("{FAE04EC0-301F-11D3-BF4B-00C04F79EFBC}") = "Genthat.R", "Genthat.R.csproj", "{4A6E47E3-72AF-4514-B015-F2FEF317237C}"
EndProject
Project("{DA7A21FA-8162-4350-AD77-A8D1B671F3ED}") = "Genthat.Experiments", "Genthat.Experiments\Genthat.Experiments.rxproj", "{ADAE3FD8-E3EA-47BF-B4F5-BADFBDF8EF80}"
EndProject
Global
	GlobalSection(SolutionConfigurationPlatforms) = preSolution
		Debug|Any CPU = Debug|Any CPU
		Debug|x64 = Debug|x64
		Debug|x86 = Debug|x86
		Release|Any CPU = Release|Any CPU
		Release|x64 = Release|x64
		Release|x86 = Release|x86
	EndGlobalSection
	GlobalSection(ProjectConfigurationPlatforms) = postSolution
		{B51146B2-284E-445B-8840-E84DB393CE00}.Debug|Any CPU.ActiveCfg = Debug|Win32
		{B51146B2-284E-445B-8840-E84DB393CE00}.Debug|x64.ActiveCfg = Debug|x64
		{B51146B2-284E-445B-8840-E84DB393CE00}.Debug|x64.Build.0 = Debug|x64
		{B51146B2-284E-445B-8840-E84DB393CE00}.Debug|x86.ActiveCfg = Debug|Win32
		{B51146B2-284E-445B-8840-E84DB393CE00}.Debug|x86.Build.0 = Debug|Win32
		{B51146B2-284E-445B-8840-E84DB393CE00}.Release|Any CPU.ActiveCfg = Release|Win32
		{B51146B2-284E-445B-8840-E84DB393CE00}.Release|x64.ActiveCfg = Release|x64
		{B51146B2-284E-445B-8840-E84DB393CE00}.Release|x64.Build.0 = Release|x64
		{B51146B2-284E-445B-8840-E84DB393CE00}.Release|x86.ActiveCfg = Release|Win32
		{B51146B2-284E-445B-8840-E84DB393CE00}.Release|x86.Build.0 = Release|Win32
		{4A6E47E3-72AF-4514-B015-F2FEF317237C}.Debug|Any CPU.ActiveCfg = Debug|x86
		{4A6E47E3-72AF-4514-B015-F2FEF317237C}.Debug|x64.ActiveCfg = Debug|x86
		{4A6E47E3-72AF-4514-B015-F2FEF317237C}.Debug|x86.ActiveCfg = Debug|x86
		{4A6E47E3-72AF-4514-B015-F2FEF317237C}.Release|Any CPU.ActiveCfg = Debug|x86
		{4A6E47E3-72AF-4514-B015-F2FEF317237C}.Release|Any CPU.Build.0 = Debug|x86
		{4A6E47E3-72AF-4514-B015-F2FEF317237C}.Release|x64.ActiveCfg = Debug|x86
		{4A6E47E3-72AF-4514-B015-F2FEF317237C}.Release|x64.Build.0 = Debug|x86
		{4A6E47E3-72AF-4514-B015-F2FEF317237C}.Release|x86.ActiveCfg = Debug|x86
		{4A6E47E3-72AF-4514-B015-F2FEF317237C}.Release|x86.Build.0 = Debug|x86
		{ADAE3FD8-E3EA-47BF-B4F5-BADFBDF8EF80}.Debug|Any CPU.ActiveCfg = Debug|Any CPU
		{ADAE3FD8-E3EA-47BF-B4F5-BADFBDF8EF80}.Debug|Any CPU.Build.0 = Debug|Any CPU
		{ADAE3FD8-E3EA-47BF-B4F5-BADFBDF8EF80}.Debug|x64.ActiveCfg = Debug|Any CPU
		{ADAE3FD8-E3EA-47BF-B4F5-BADFBDF8EF80}.Debug|x64.Build.0 = Debug|Any CPU
		{ADAE3FD8-E3EA-47BF-B4F5-BADFBDF8EF80}.Debug|x86.ActiveCfg = Debug|Any CPU
		{ADAE3FD8-E3EA-47BF-B4F5-BADFBDF8EF80}.Debug|x86.Build.0 = Debug|Any CPU
		{ADAE3FD8-E3EA-47BF-B4F5-BADFBDF8EF80}.Release|Any CPU.ActiveCfg = Debug|Any CPU
		{ADAE3FD8-E3EA-47BF-B4F5-BADFBDF8EF80}.Release|Any CPU.Build.0 = Debug|Any CPU
		{ADAE3FD8-E3EA-47BF-B4F5-BADFBDF8EF80}.Release|x64.ActiveCfg = Debug|Any CPU
		{ADAE3FD8-E3EA-47BF-B4F5-BADFBDF8EF80}.Release|x64.Build.0 = Debug|Any CPU
		{ADAE3FD8-E3EA-47BF-B4F5-BADFBDF8EF80}.Release|x86.ActiveCfg = Debug|Any CPU
		{ADAE3FD8-E3EA-47BF-B4F5-BADFBDF8EF80}.Release|x86.Build.0 = Debug|Any CPU
	EndGlobalSection
	GlobalSection(SolutionProperties) = preSolution
		HideSolutionNode = FALSE
	EndGlobalSection
EndGlobal
